lockfileVersion: 5.3

specifiers:
  arrify: ^3.0.0
  deepmerge: ^4.2.2
  fast-glob: ^3.2.7
  p-map: ^5.3.0

dependencies:
  arrify: 3.0.0
  deepmerge: 4.2.2
  fast-glob: 3.2.7
  p-map: 5.3.0

packages:

  /@nodelib/fs.scandir/2.1.5:
    resolution: {integrity: sha1-dhnC6yGyVIP20WdUi0z9WnSIw9U=, tarball: '@nodelib/fs.scandir/download/@nodelib/fs.scandir-2.1.5.tgz'}
    engines: {node: '>= 8'}
    dependencies:
      '@nodelib/fs.stat': 2.0.5
      run-parallel: 1.2.0
    dev: false

  /@nodelib/fs.stat/2.0.5:
    resolution: {integrity: sha1-W9Jir5Tp0lvR5xsF3u1Eh2oiLos=, tarball: '@nodelib/fs.stat/download/@nodelib/fs.stat-2.0.5.tgz'}
    engines: {node: '>= 8'}
    dev: false

  /@nodelib/fs.walk/1.2.8:
    resolution: {integrity: sha1-6Vc36LtnRt3t9pxVaVNJTxlv5po=, tarball: '@nodelib/fs.walk/download/@nodelib/fs.walk-1.2.8.tgz?cache=0&sync_timestamp=1632822730231&other_urls=https%3A%2F%2Fregistry.npmmirror.com%2F%40nodelib%2Ffs.walk%2Fdownload%2F%40nodelib%2Ffs.walk-1.2.8.tgz'}
    engines: {node: '>= 8'}
    dependencies:
      '@nodelib/fs.scandir': 2.1.5
      fastq: 1.13.0
    dev: false

  /aggregate-error/4.0.0:
    resolution: {integrity: sha1-g9vbU6DVAHISgdIuGe7pvDUqic0=, tarball: aggregate-error/download/aggregate-error-4.0.0.tgz}
    engines: {node: '>=12'}
    dependencies:
      clean-stack: 4.1.0
      indent-string: 5.0.0
    dev: false

  /arrify/3.0.0:
    resolution: {integrity: sha1-zN77jq8qHSqw2hyizlMRh1n9Rrw=, tarball: arrify/download/arrify-3.0.0.tgz}
    engines: {node: '>=12'}
    dev: false

  /braces/3.0.2:
    resolution: {integrity: sha1-NFThpGLujVmeI23zNs2epPiv4Qc=, tarball: braces/download/braces-3.0.2.tgz}
    engines: {node: '>=8'}
    dependencies:
      fill-range: 7.0.1
    dev: false

  /clean-stack/4.1.0:
    resolution: {integrity: sha1-XOWi/RmhKuzc6FcNrv3beslLa04=, tarball: clean-stack/download/clean-stack-4.1.0.tgz}
    engines: {node: '>=12'}
    dependencies:
      escape-string-regexp: 5.0.0
    dev: false

  /deepmerge/4.2.2:
    resolution: {integrity: sha1-RNLqNnm49NT/ujPwPYZfwee/SVU=, tarball: deepmerge/download/deepmerge-4.2.2.tgz?cache=0&sync_timestamp=1632822781299&other_urls=https%3A%2F%2Fregistry.npmmirror.com%2Fdeepmerge%2Fdownload%2Fdeepmerge-4.2.2.tgz}
    engines: {node: '>=0.10.0'}
    dev: false

  /escape-string-regexp/5.0.0:
    resolution: {integrity: sha1-RoMSa1ALYXYvLb66zhgG6L4xscg=, tarball: escape-string-regexp/download/escape-string-regexp-5.0.0.tgz}
    engines: {node: '>=12'}
    dev: false

  /fast-glob/3.2.7:
    resolution: {integrity: sha1-/Wy3otfpqnp4RhEehaGW1rL3ZqE=, tarball: fast-glob/download/fast-glob-3.2.7.tgz}
    engines: {node: '>=8'}
    dependencies:
      '@nodelib/fs.stat': 2.0.5
      '@nodelib/fs.walk': 1.2.8
      glob-parent: 5.1.2
      merge2: 1.4.1
      micromatch: 4.0.4
    dev: false

  /fastq/1.13.0:
    resolution: {integrity: sha1-YWdg+Ip1Jr38WWt8q4wYk4w2uYw=, tarball: fastq/download/fastq-1.13.0.tgz?cache=0&sync_timestamp=1632822735358&other_urls=https%3A%2F%2Fregistry.npmmirror.com%2Ffastq%2Fdownload%2Ffastq-1.13.0.tgz}
    dependencies:
      reusify: 1.0.4
    dev: false

  /fill-range/7.0.1:
    resolution: {integrity: sha1-GRmmp8df44ssfHflGYU12prN2kA=, tarball: fill-range/download/fill-range-7.0.1.tgz}
    engines: {node: '>=8'}
    dependencies:
      to-regex-range: 5.0.1
    dev: false

  /glob-parent/5.1.2:
    resolution: {integrity: sha1-hpgyxYA0/mikCTwX3BXoNA2EAcQ=, tarball: glob-parent/download/glob-parent-5.1.2.tgz}
    engines: {node: '>= 6'}
    dependencies:
      is-glob: 4.0.3
    dev: false

  /indent-string/5.0.0:
    resolution: {integrity: sha1-T9KYD8yvhiLRTGTWlPTPM8gZUaU=, tarball: indent-string/download/indent-string-5.0.0.tgz}
    engines: {node: '>=12'}
    dev: false

  /is-extglob/2.1.1:
    resolution: {integrity: sha1-qIwCU1eR8C7TfHahueqXc8gz+MI=, tarball: is-extglob/download/is-extglob-2.1.1.tgz}
    engines: {node: '>=0.10.0'}
    dev: false

  /is-glob/4.0.3:
    resolution: {integrity: sha1-ZPYeQsu7LuwgcanawLKLoeZdUIQ=, tarball: is-glob/download/is-glob-4.0.3.tgz}
    engines: {node: '>=0.10.0'}
    dependencies:
      is-extglob: 2.1.1
    dev: false

  /is-number/7.0.0:
    resolution: {integrity: sha1-dTU0W4lnNNX4DE0GxQlVUnoU8Ss=, tarball: is-number/download/is-number-7.0.0.tgz}
    engines: {node: '>=0.12.0'}
    dev: false

  /merge2/1.4.1:
    resolution: {integrity: sha1-Q2iJL4hekHRVpv19xVwMnUBJkK4=, tarball: merge2/download/merge2-1.4.1.tgz}
    engines: {node: '>= 8'}
    dev: false

  /micromatch/4.0.4:
    resolution: {integrity: sha1-iW1Rnf6dsl/OlM63pQCRm/iB6/k=, tarball: micromatch/download/micromatch-4.0.4.tgz?cache=0&sync_timestamp=1632822666893&other_urls=https%3A%2F%2Fregistry.npmmirror.com%2Fmicromatch%2Fdownload%2Fmicromatch-4.0.4.tgz}
    engines: {node: '>=8.6'}
    dependencies:
      braces: 3.0.2
      picomatch: 2.3.0
    dev: false

  /p-map/5.3.0:
    resolution: {integrity: sha1-IgSCO8nzfxfdyef0Rik8RTC4pM8=, tarball: p-map/download/p-map-5.3.0.tgz}
    engines: {node: '>=12'}
    dependencies:
      aggregate-error: 4.0.0
    dev: false

  /picomatch/2.3.0:
    resolution: {integrity: sha1-8fBh3o9qS/AiiS4tEoI0+5gwKXI=, tarball: picomatch/download/picomatch-2.3.0.tgz}
    engines: {node: '>=8.6'}
    dev: false

  /queue-microtask/1.2.3:
    resolution: {integrity: sha1-SSkii7xyTfrEPg77BYyve2z7YkM=, tarball: queue-microtask/download/queue-microtask-1.2.3.tgz}
    dev: false

  /reusify/1.0.4:
    resolution: {integrity: sha1-kNo4Kx4SbvwCFG6QhFqI2xKSXXY=, tarball: reusify/download/reusify-1.0.4.tgz}
    engines: {iojs: '>=1.0.0', node: '>=0.10.0'}
    dev: false

  /run-parallel/1.2.0:
    resolution: {integrity: sha1-ZtE2jae9+SHrnZW9GpIp5/IaQ+4=, tarball: run-parallel/download/run-parallel-1.2.0.tgz}
    dependencies:
      queue-microtask: 1.2.3
    dev: false

  /to-regex-range/5.0.1:
    resolution: {integrity: sha1-FkjESq58jZiKMmAY7XL1tN0DkuQ=, tarball: to-regex-range/download/to-regex-range-5.0.1.tgz}
    engines: {node: '>=8.0'}
    dependencies:
      is-number: 7.0.0
    dev: false
